{
  "name": "@fresh-js/nft",
  "version": "0.0.4",
  "lockfileVersion": 2,
  "requires": true,
  "packages": {
    "": {
      "name": "@fresh-js/nft",
      "version": "0.0.4",
      "license": "MIT",
      "dependencies": {
        "@fresh-js/core": "^0.0.2",
        "@fresh-js/crypto": "^0.0.4",
        "@onflow/fcl": "^1.0.2",
        "@onflow/types": "^1.0.1",
        "handlebars": "^4.7.7"
      }
    },
    "node_modules/@fresh-js/core": {
      "version": "0.0.2",
      "resolved": "https://registry.npmjs.org/@fresh-js/core/-/core-0.0.2.tgz",
      "integrity": "sha512-mXgSaEX6CVwkv3SB6mD8jcT6hHWyDkdgqLjvBFQYkHYGnGqoswv2Tc9PHrDt0rSe6+94St5JmpIDXyFi/sOruQ==",
      "dependencies": {
        "@fresh-js/crypto": "^0.0.2",
        "@onflow/fcl": "^1.0.2"
      }
    },
    "node_modules/@fresh-js/core/node_modules/@fresh-js/crypto": {
      "version": "0.0.2",
      "resolved": "https://registry.npmjs.org/@fresh-js/crypto/-/crypto-0.0.2.tgz",
      "integrity": "sha512-s8kdoqC2dxWiWoO9AG8fmpX1eLalra0Jy+KwR01uBzb2JW8B1J+jyu44QbjzvzYwREPKmPVBVa6/XlF+I7Z2CQ==",
      "dependencies": {
        "elliptic": "^6.5.4",
        "sha3": "^2.1.4"
      }
    },
    "node_modules/@fresh-js/crypto": {
      "version": "0.0.4",
      "resolved": "https://registry.npmjs.org/@fresh-js/crypto/-/crypto-0.0.4.tgz",
      "integrity": "sha512-KXkjrniqeOZOP9rRx3MDBlwotDrNj0G8kg8UvuYZjhROE0pXmVmTfnSLkm5A/MyTNy9Ybe/ry8h0HnkVM0C/uQ==",
      "dependencies": {
        "elliptic": "^6.5.4",
        "sha3": "^2.1.4"
      }
    },
    "node_modules/@onflow/config": {
      "version": "1.0.1",
      "resolved": "https://registry.npmjs.org/@onflow/config/-/config-1.0.1.tgz",
      "integrity": "sha512-t7HZ+Dzg6fyLv6uo+EJy2l2aB6l/p+lzjm+PTw+0aCMN59SNVYzCV1FdQNT7yhhz3nqtkFCwDMn6nul5R0XVBQ==",
      "dependencies": {
        "@onflow/util-actor": "^1.0.1"
      }
    },
    "node_modules/@onflow/fcl": {
      "version": "1.0.2",
      "resolved": "https://registry.npmjs.org/@onflow/fcl/-/fcl-1.0.2.tgz",
      "integrity": "sha512-QzK6G5ISwns08rRc2p7N2BB0icLm5dGjzEtdU7UmM+j8gFh0DQh3T/2XMopcPLMIwuIzrY7OhlSEgoBtqTeQRw==",
      "dependencies": {
        "@onflow/config": "^1.0.1",
        "@onflow/interaction": "0.0.11",
        "@onflow/rlp": "^1.0.1",
        "@onflow/sdk": "^1.0.1",
        "@onflow/types": "^1.0.1",
        "@onflow/util-actor": "^1.0.1",
        "@onflow/util-address": "^1.0.1",
        "@onflow/util-invariant": "^1.0.1",
        "@onflow/util-template": "^1.0.1",
        "@onflow/util-uid": "^1.0.1"
      }
    },
    "node_modules/@onflow/interaction": {
      "version": "0.0.11",
      "resolved": "https://registry.npmjs.org/@onflow/interaction/-/interaction-0.0.11.tgz",
      "integrity": "sha512-Xuq1Mmx6Wyba/F/L+QLQs0yJeQDsIDwy5SKk5vrCuVgIj0yD8k506g5L8ODrbM1LWll8i0tQsoOi0F85vNl5sA=="
    },
    "node_modules/@onflow/rlp": {
      "version": "1.0.1",
      "resolved": "https://registry.npmjs.org/@onflow/rlp/-/rlp-1.0.1.tgz",
      "integrity": "sha512-n4zEU8e08isWfC6F2FL4wduIFoMgqJQXTHI93tUTR3Fe7u50qlvkX4FidNC87f5klkhSWrypqg8/+7wL+QHmeQ==",
      "dependencies": {
        "buffer": "^6.0.3"
      }
    },
    "node_modules/@onflow/sdk": {
      "version": "1.0.1",
      "resolved": "https://registry.npmjs.org/@onflow/sdk/-/sdk-1.0.1.tgz",
      "integrity": "sha512-mlQ12cLAqg+ekIJU1U9JOyFbsouuRrbyLFd2oM84F1++5j3EnD2u2PihohUL6bXtQbaLSWNnvIfQBmtMIzuQZQ==",
      "dependencies": {
        "@onflow/config": "^1.0.1",
        "@onflow/rlp": "^1.0.1",
        "@onflow/transport-http": "^1.1.0",
        "@onflow/util-actor": "^1.0.1",
        "@onflow/util-address": "^1.0.1",
        "@onflow/util-invariant": "^1.0.1",
        "@onflow/util-logger": "^1.0.1",
        "@onflow/util-template": "^1.0.1",
        "deepmerge": "^4.2.2",
        "sha3": "^2.1.4"
      }
    },
    "node_modules/@onflow/transport-http": {
      "version": "1.2.0",
      "resolved": "https://registry.npmjs.org/@onflow/transport-http/-/transport-http-1.2.0.tgz",
      "integrity": "sha512-+Qejt1flUpB1B4sS1uFA9RNuL5+ZrOXC/1EyH2UpwuTZ4MIN3ATCVWiGaHr+LydgHzcBKugkiQLxAVYbBtFq6A==",
      "dependencies": {
        "@onflow/util-address": "^1.0.1",
        "@onflow/util-invariant": "^1.0.1",
        "@onflow/util-node-http-modules": "^1.0.2",
        "@onflow/util-template": "^1.0.1"
      }
    },
    "node_modules/@onflow/types": {
      "version": "1.0.1",
      "resolved": "https://registry.npmjs.org/@onflow/types/-/types-1.0.1.tgz",
      "integrity": "sha512-1fmNUIqi6shXs0OCt0nouXgg0y/PtZoQp8128sOtB5zGdzaTwiluoYZMNtashdTQbqY4ZssTMJjSObPWhyIzAA=="
    },
    "node_modules/@onflow/util-actor": {
      "version": "1.0.1",
      "resolved": "https://registry.npmjs.org/@onflow/util-actor/-/util-actor-1.0.1.tgz",
      "integrity": "sha512-iGvwLsG33dZrglKaCqqCXcopUEzUQMy2tJum4sYu7grjZkzHlvayVUCbudgkPeVe7JrB7qholA/Fj6hUI2rMXw==",
      "dependencies": {
        "queue-microtask": "1.1.2"
      }
    },
    "node_modules/@onflow/util-address": {
      "version": "1.0.1",
      "resolved": "https://registry.npmjs.org/@onflow/util-address/-/util-address-1.0.1.tgz",
      "integrity": "sha512-KanTfsZTBS4iETegtNWDfmQEXd7FapSyTm//N0tdF6hVoTxLI/DNd0Y39adhQasAyrO294q/I72wQUVO+WT7Fg=="
    },
    "node_modules/@onflow/util-invariant": {
      "version": "1.0.1",
      "resolved": "https://registry.npmjs.org/@onflow/util-invariant/-/util-invariant-1.0.1.tgz",
      "integrity": "sha512-FYLgxASDmD2qVru8G8MX9y3jE8DFie1fk7lWnWndnJvsO94/jmZaql73ytmZme37TQoTWSNfilAgU9T0HcG/gA=="
    },
    "node_modules/@onflow/util-logger": {
      "version": "1.0.1",
      "resolved": "https://registry.npmjs.org/@onflow/util-logger/-/util-logger-1.0.1.tgz",
      "integrity": "sha512-0QQ/h8mDQIe9yy6xvFj5GOu7Mo1ZnjwaFcGQRTuM+V6XMD5cxs3IChKYIDuuGIZtzwyf0kwK+HXOqrFQhfB9fg==",
      "dependencies": {
        "@onflow/sdk": "^1.0.1"
      }
    },
    "node_modules/@onflow/util-node-http-modules": {
      "version": "1.0.2",
      "resolved": "https://registry.npmjs.org/@onflow/util-node-http-modules/-/util-node-http-modules-1.0.2.tgz",
      "integrity": "sha512-aj+G1Q9Irk0SBFY3jFHPhxe5Tcfn6YKZULTnsEiedsLsanNoTIZ6RGGcD4Z/LEZp3mW9MIni8voPFJifrSND5w=="
    },
    "node_modules/@onflow/util-template": {
      "version": "1.0.1",
      "resolved": "https://registry.npmjs.org/@onflow/util-template/-/util-template-1.0.1.tgz",
      "integrity": "sha512-+aRn0tjWkE5csPXtijoETxIkwZwH+vSQJgjSL6s6gfeleS6kJNI3uXyrJberATAg/oK5XDtymNwxJxh8lxZS3g=="
    },
    "node_modules/@onflow/util-uid": {
      "version": "1.0.1",
      "resolved": "https://registry.npmjs.org/@onflow/util-uid/-/util-uid-1.0.1.tgz",
      "integrity": "sha512-/CHK3AC8Ex2uUFmbmrVbp/NlmSfkVPUxbkImoBgjf0WecodD7yCFojYePfB8srjk+LsAyMP6iOmcyiMDYiaM6Q=="
    },
    "node_modules/base64-js": {
      "version": "1.5.1",
      "resolved": "https://registry.npmjs.org/base64-js/-/base64-js-1.5.1.tgz",
      "integrity": "sha512-AKpaYlHn8t4SVbOHCy+b5+KKgvR4vrsD8vbvrbiQJps7fKDTkjkDry6ji0rUJjC0kzbNePLwzxq8iypo41qeWA==",
      "funding": [
        {
          "type": "github",
          "url": "https://github.com/sponsors/feross"
        },
        {
          "type": "patreon",
          "url": "https://www.patreon.com/feross"
        },
        {
          "type": "consulting",
          "url": "https://feross.org/support"
        }
      ]
    },
    "node_modules/bn.js": {
      "version": "4.12.0",
      "resolved": "https://registry.npmjs.org/bn.js/-/bn.js-4.12.0.tgz",
      "integrity": "sha512-c98Bf3tPniI+scsdk237ku1Dc3ujXQTSgyiPUDEOe7tRkhrqridvh8klBv0HCEso1OLOYcHuCv/cS6DNxKH+ZA=="
    },
    "node_modules/brorand": {
      "version": "1.1.0",
      "resolved": "https://registry.npmjs.org/brorand/-/brorand-1.1.0.tgz",
      "integrity": "sha512-cKV8tMCEpQs4hK/ik71d6LrPOnpkpGBR0wzxqr68g2m/LB2GxVYQroAjMJZRVM1Y4BCjCKc3vAamxSzOY2RP+w=="
    },
    "node_modules/buffer": {
      "version": "6.0.3",
      "resolved": "https://registry.npmjs.org/buffer/-/buffer-6.0.3.tgz",
      "integrity": "sha512-FTiCpNxtwiZZHEZbcbTIcZjERVICn9yq/pDFkTl95/AxzD1naBctN7YO68riM/gLSDY7sdrMby8hofADYuuqOA==",
      "funding": [
        {
          "type": "github",
          "url": "https://github.com/sponsors/feross"
        },
        {
          "type": "patreon",
          "url": "https://www.patreon.com/feross"
        },
        {
          "type": "consulting",
          "url": "https://feross.org/support"
        }
      ],
      "dependencies": {
        "base64-js": "^1.3.1",
        "ieee754": "^1.2.1"
      }
    },
    "node_modules/deepmerge": {
      "version": "4.2.2",
      "resolved": "https://registry.npmjs.org/deepmerge/-/deepmerge-4.2.2.tgz",
      "integrity": "sha512-FJ3UgI4gIl+PHZm53knsuSFpE+nESMr7M4v9QcgB7S63Kj/6WqMiFQJpBBYz1Pt+66bZpP3Q7Lye0Oo9MPKEdg==",
      "engines": {
        "node": ">=0.10.0"
      }
    },
    "node_modules/elliptic": {
      "version": "6.5.4",
      "resolved": "https://registry.npmjs.org/elliptic/-/elliptic-6.5.4.tgz",
      "integrity": "sha512-iLhC6ULemrljPZb+QutR5TQGB+pdW6KGD5RSegS+8sorOZT+rdQFbsQFJgvN3eRqNALqJer4oQ16YvJHlU8hzQ==",
      "dependencies": {
        "bn.js": "^4.11.9",
        "brorand": "^1.1.0",
        "hash.js": "^1.0.0",
        "hmac-drbg": "^1.0.1",
        "inherits": "^2.0.4",
        "minimalistic-assert": "^1.0.1",
        "minimalistic-crypto-utils": "^1.0.1"
      }
    },
    "node_modules/handlebars": {
      "version": "4.7.7",
      "resolved": "https://registry.npmjs.org/handlebars/-/handlebars-4.7.7.tgz",
      "integrity": "sha512-aAcXm5OAfE/8IXkcZvCepKU3VzW1/39Fb5ZuqMtgI/hT8X2YgoMvBY5dLhq/cpOvw7Lk1nK/UF71aLG/ZnVYRA==",
      "dependencies": {
        "minimist": "^1.2.5",
        "neo-async": "^2.6.0",
        "source-map": "^0.6.1",
        "wordwrap": "^1.0.0"
      },
      "bin": {
        "handlebars": "bin/handlebars"
      },
      "engines": {
        "node": ">=0.4.7"
      },
      "optionalDependencies": {
        "uglify-js": "^3.1.4"
      }
    },
    "node_modules/hash.js": {
      "version": "1.1.7",
      "resolved": "https://registry.npmjs.org/hash.js/-/hash.js-1.1.7.tgz",
      "integrity": "sha512-taOaskGt4z4SOANNseOviYDvjEJinIkRgmp7LbKP2YTTmVxWBl87s/uzK9r+44BclBSp2X7K1hqeNfz9JbBeXA==",
      "dependencies": {
        "inherits": "^2.0.3",
        "minimalistic-assert": "^1.0.1"
      }
    },
    "node_modules/hmac-drbg": {
      "version": "1.0.1",
      "resolved": "https://registry.npmjs.org/hmac-drbg/-/hmac-drbg-1.0.1.tgz",
      "integrity": "sha512-Tti3gMqLdZfhOQY1Mzf/AanLiqh1WTiJgEj26ZuYQ9fbkLomzGchCws4FyrSd4VkpBfiNhaE1On+lOz894jvXg==",
      "dependencies": {
        "hash.js": "^1.0.3",
        "minimalistic-assert": "^1.0.0",
        "minimalistic-crypto-utils": "^1.0.1"
      }
    },
    "node_modules/ieee754": {
      "version": "1.2.1",
      "resolved": "https://registry.npmjs.org/ieee754/-/ieee754-1.2.1.tgz",
      "integrity": "sha512-dcyqhDvX1C46lXZcVqCpK+FtMRQVdIMN6/Df5js2zouUsqG7I6sFxitIC+7KYK29KdXOLHdu9zL4sFnoVQnqaA==",
      "funding": [
        {
          "type": "github",
          "url": "https://github.com/sponsors/feross"
        },
        {
          "type": "patreon",
          "url": "https://www.patreon.com/feross"
        },
        {
          "type": "consulting",
          "url": "https://feross.org/support"
        }
      ]
    },
    "node_modules/inherits": {
      "version": "2.0.4",
      "resolved": "https://registry.npmjs.org/inherits/-/inherits-2.0.4.tgz",
      "integrity": "sha512-k/vGaX4/Yla3WzyMCvTQOXYeIHvqOKtnqBduzTHpzpQZzAskKMhZ2K+EnBiSM9zGSoIFeMpXKxa4dYeZIQqewQ=="
    },
    "node_modules/minimalistic-assert": {
      "version": "1.0.1",
      "resolved": "https://registry.npmjs.org/minimalistic-assert/-/minimalistic-assert-1.0.1.tgz",
      "integrity": "sha512-UtJcAD4yEaGtjPezWuO9wC4nwUnVH/8/Im3yEHQP4b67cXlD/Qr9hdITCU1xDbSEXg2XKNaP8jsReV7vQd00/A=="
    },
    "node_modules/minimalistic-crypto-utils": {
      "version": "1.0.1",
      "resolved": "https://registry.npmjs.org/minimalistic-crypto-utils/-/minimalistic-crypto-utils-1.0.1.tgz",
      "integrity": "sha512-JIYlbt6g8i5jKfJ3xz7rF0LXmv2TkDxBLUkiBeZ7bAx4GnnNMr8xFpGnOxn6GhTEHx3SjRrZEoU+j04prX1ktg=="
    },
    "node_modules/minimist": {
      "version": "1.2.6",
      "resolved": "https://registry.npmjs.org/minimist/-/minimist-1.2.6.tgz",
      "integrity": "sha512-Jsjnk4bw3YJqYzbdyBiNsPWHPfO++UGG749Cxs6peCu5Xg4nrena6OVxOYxrQTqww0Jmwt+Ref8rggumkTLz9Q=="
    },
    "node_modules/neo-async": {
      "version": "2.6.2",
      "resolved": "https://registry.npmjs.org/neo-async/-/neo-async-2.6.2.tgz",
      "integrity": "sha512-Yd3UES5mWCSqR+qNT93S3UoYUkqAZ9lLg8a7g9rimsWmYGK8cVToA4/sF3RrshdyV3sAGMXVUmpMYOw+dLpOuw=="
    },
    "node_modules/queue-microtask": {
      "version": "1.1.2",
      "resolved": "https://registry.npmjs.org/queue-microtask/-/queue-microtask-1.1.2.tgz",
      "integrity": "sha512-F9wwNePtXrzZenAB3ax0Y8TSKGvuB7Qw16J30hspEUTbfUM+H827XyN3rlpwhVmtm5wuZtbKIHjOnwDn7MUxWQ=="
    },
    "node_modules/sha3": {
      "version": "2.1.4",
      "resolved": "https://registry.npmjs.org/sha3/-/sha3-2.1.4.tgz",
      "integrity": "sha512-S8cNxbyb0UGUM2VhRD4Poe5N58gJnJsLJ5vC7FYWGUmGhcsj4++WaIOBFVDxlG0W3To6xBuiRh+i0Qp2oNCOtg==",
      "dependencies": {
        "buffer": "6.0.3"
      }
    },
    "node_modules/source-map": {
      "version": "0.6.1",
      "resolved": "https://registry.npmjs.org/source-map/-/source-map-0.6.1.tgz",
      "integrity": "sha512-UjgapumWlbMhkBgzT7Ykc5YXUT46F0iKu8SGXq0bcwP5dz/h0Plj6enJqjz1Zbq2l5WaqYnrVbwWOWMyF3F47g==",
      "engines": {
        "node": ">=0.10.0"
      }
    },
    "node_modules/uglify-js": {
      "version": "3.16.0",
      "resolved": "https://registry.npmjs.org/uglify-js/-/uglify-js-3.16.0.tgz",
      "integrity": "sha512-FEikl6bR30n0T3amyBh3LoiBdqHRy/f4H80+My34HOesOKyHfOsxAPAxOoqC0JUnC1amnO0IwkYC3sko51caSw==",
      "optional": true,
      "bin": {
        "uglifyjs": "bin/uglifyjs"
      },
      "engines": {
        "node": ">=0.8.0"
      }
    },
    "node_modules/wordwrap": {
      "version": "1.0.0",
      "resolved": "https://registry.npmjs.org/wordwrap/-/wordwrap-1.0.0.tgz",
      "integrity": "sha1-J1hIEIkUVqQXHI0CJkQa3pDLyus="
    }
  },
  "dependencies": {
    "@fresh-js/core": {
      "version": "0.0.2",
      "resolved": "https://registry.npmjs.org/@fresh-js/core/-/core-0.0.2.tgz",
      "integrity": "sha512-mXgSaEX6CVwkv3SB6mD8jcT6hHWyDkdgqLjvBFQYkHYGnGqoswv2Tc9PHrDt0rSe6+94St5JmpIDXyFi/sOruQ==",
      "requires": {
        "@fresh-js/crypto": "^0.0.2",
        "@onflow/fcl": "^1.0.2"
      },
      "dependencies": {
        "@fresh-js/crypto": {
          "version": "0.0.2",
          "resolved": "https://registry.npmjs.org/@fresh-js/crypto/-/crypto-0.0.2.tgz",
          "integrity": "sha512-s8kdoqC2dxWiWoO9AG8fmpX1eLalra0Jy+KwR01uBzb2JW8B1J+jyu44QbjzvzYwREPKmPVBVa6/XlF+I7Z2CQ==",
          "requires": {
            "elliptic": "^6.5.4",
            "sha3": "^2.1.4"
          }
        }
      }
    },
    "@fresh-js/crypto": {
      "version": "0.0.4",
      "resolved": "https://registry.npmjs.org/@fresh-js/crypto/-/crypto-0.0.4.tgz",
      "integrity": "sha512-KXkjrniqeOZOP9rRx3MDBlwotDrNj0G8kg8UvuYZjhROE0pXmVmTfnSLkm5A/MyTNy9Ybe/ry8h0HnkVM0C/uQ==",
      "requires": {
        "elliptic": "^6.5.4",
        "sha3": "^2.1.4"
      }
    },
    "@onflow/config": {
      "version": "1.0.1",
      "resolved": "https://registry.npmjs.org/@onflow/config/-/config-1.0.1.tgz",
      "integrity": "sha512-t7HZ+Dzg6fyLv6uo+EJy2l2aB6l/p+lzjm+PTw+0aCMN59SNVYzCV1FdQNT7yhhz3nqtkFCwDMn6nul5R0XVBQ==",
      "requires": {
        "@onflow/util-actor": "^1.0.1"
      }
    },
    "@onflow/fcl": {
      "version": "1.0.2",
      "resolved": "https://registry.npmjs.org/@onflow/fcl/-/fcl-1.0.2.tgz",
      "integrity": "sha512-QzK6G5ISwns08rRc2p7N2BB0icLm5dGjzEtdU7UmM+j8gFh0DQh3T/2XMopcPLMIwuIzrY7OhlSEgoBtqTeQRw==",
      "requires": {
        "@onflow/config": "^1.0.1",
        "@onflow/interaction": "0.0.11",
        "@onflow/rlp": "^1.0.1",
        "@onflow/sdk": "^1.0.1",
        "@onflow/types": "^1.0.1",
        "@onflow/util-actor": "^1.0.1",
        "@onflow/util-address": "^1.0.1",
        "@onflow/util-invariant": "^1.0.1",
        "@onflow/util-template": "^1.0.1",
        "@onflow/util-uid": "^1.0.1"
      }
    },
    "@onflow/interaction": {
      "version": "0.0.11",
      "resolved": "https://registry.npmjs.org/@onflow/interaction/-/interaction-0.0.11.tgz",
      "integrity": "sha512-Xuq1Mmx6Wyba/F/L+QLQs0yJeQDsIDwy5SKk5vrCuVgIj0yD8k506g5L8ODrbM1LWll8i0tQsoOi0F85vNl5sA=="
    },
    "@onflow/rlp": {
      "version": "1.0.1",
      "resolved": "https://registry.npmjs.org/@onflow/rlp/-/rlp-1.0.1.tgz",
      "integrity": "sha512-n4zEU8e08isWfC6F2FL4wduIFoMgqJQXTHI93tUTR3Fe7u50qlvkX4FidNC87f5klkhSWrypqg8/+7wL+QHmeQ==",
      "requires": {
        "buffer": "^6.0.3"
      }
    },
    "@onflow/sdk": {
      "version": "1.0.1",
      "resolved": "https://registry.npmjs.org/@onflow/sdk/-/sdk-1.0.1.tgz",
      "integrity": "sha512-mlQ12cLAqg+ekIJU1U9JOyFbsouuRrbyLFd2oM84F1++5j3EnD2u2PihohUL6bXtQbaLSWNnvIfQBmtMIzuQZQ==",
      "requires": {
        "@onflow/config": "^1.0.1",
        "@onflow/rlp": "^1.0.1",
        "@onflow/transport-http": "^1.1.0",
        "@onflow/util-actor": "^1.0.1",
        "@onflow/util-address": "^1.0.1",
        "@onflow/util-invariant": "^1.0.1",
        "@onflow/util-logger": "^1.0.1",
        "@onflow/util-template": "^1.0.1",
        "deepmerge": "^4.2.2",
        "sha3": "^2.1.4"
      }
    },
    "@onflow/transport-http": {
      "version": "1.2.0",
      "resolved": "https://registry.npmjs.org/@onflow/transport-http/-/transport-http-1.2.0.tgz",
      "integrity": "sha512-+Qejt1flUpB1B4sS1uFA9RNuL5+ZrOXC/1EyH2UpwuTZ4MIN3ATCVWiGaHr+LydgHzcBKugkiQLxAVYbBtFq6A==",
      "requires": {
        "@onflow/util-address": "^1.0.1",
        "@onflow/util-invariant": "^1.0.1",
        "@onflow/util-node-http-modules": "^1.0.2",
        "@onflow/util-template": "^1.0.1"
      }
    },
    "@onflow/types": {
      "version": "1.0.1",
      "resolved": "https://registry.npmjs.org/@onflow/types/-/types-1.0.1.tgz",
      "integrity": "sha512-1fmNUIqi6shXs0OCt0nouXgg0y/PtZoQp8128sOtB5zGdzaTwiluoYZMNtashdTQbqY4ZssTMJjSObPWhyIzAA=="
    },
    "@onflow/util-actor": {
      "version": "1.0.1",
      "resolved": "https://registry.npmjs.org/@onflow/util-actor/-/util-actor-1.0.1.tgz",
      "integrity": "sha512-iGvwLsG33dZrglKaCqqCXcopUEzUQMy2tJum4sYu7grjZkzHlvayVUCbudgkPeVe7JrB7qholA/Fj6hUI2rMXw==",
      "requires": {
        "queue-microtask": "1.1.2"
      }
    },
    "@onflow/util-address": {
      "version": "1.0.1",
      "resolved": "https://registry.npmjs.org/@onflow/util-address/-/util-address-1.0.1.tgz",
      "integrity": "sha512-KanTfsZTBS4iETegtNWDfmQEXd7FapSyTm//N0tdF6hVoTxLI/DNd0Y39adhQasAyrO294q/I72wQUVO+WT7Fg=="
    },
    "@onflow/util-invariant": {
      "version": "1.0.1",
      "resolved": "https://registry.npmjs.org/@onflow/util-invariant/-/util-invariant-1.0.1.tgz",
      "integrity": "sha512-FYLgxASDmD2qVru8G8MX9y3jE8DFie1fk7lWnWndnJvsO94/jmZaql73ytmZme37TQoTWSNfilAgU9T0HcG/gA=="
    },
    "@onflow/util-logger": {
      "version": "1.0.1",
      "resolved": "https://registry.npmjs.org/@onflow/util-logger/-/util-logger-1.0.1.tgz",
      "integrity": "sha512-0QQ/h8mDQIe9yy6xvFj5GOu7Mo1ZnjwaFcGQRTuM+V6XMD5cxs3IChKYIDuuGIZtzwyf0kwK+HXOqrFQhfB9fg==",
      "requires": {
        "@onflow/sdk": "^1.0.1"
      }
    },
    "@onflow/util-node-http-modules": {
      "version": "1.0.2",
      "resolved": "https://registry.npmjs.org/@onflow/util-node-http-modules/-/util-node-http-modules-1.0.2.tgz",
      "integrity": "sha512-aj+G1Q9Irk0SBFY3jFHPhxe5Tcfn6YKZULTnsEiedsLsanNoTIZ6RGGcD4Z/LEZp3mW9MIni8voPFJifrSND5w=="
    },
    "@onflow/util-template": {
      "version": "1.0.1",
      "resolved": "https://registry.npmjs.org/@onflow/util-template/-/util-template-1.0.1.tgz",
      "integrity": "sha512-+aRn0tjWkE5csPXtijoETxIkwZwH+vSQJgjSL6s6gfeleS6kJNI3uXyrJberATAg/oK5XDtymNwxJxh8lxZS3g=="
    },
    "@onflow/util-uid": {
      "version": "1.0.1",
      "resolved": "https://registry.npmjs.org/@onflow/util-uid/-/util-uid-1.0.1.tgz",
      "integrity": "sha512-/CHK3AC8Ex2uUFmbmrVbp/NlmSfkVPUxbkImoBgjf0WecodD7yCFojYePfB8srjk+LsAyMP6iOmcyiMDYiaM6Q=="
    },
    "base64-js": {
      "version": "1.5.1",
      "resolved": "https://registry.npmjs.org/base64-js/-/base64-js-1.5.1.tgz",
      "integrity": "sha512-AKpaYlHn8t4SVbOHCy+b5+KKgvR4vrsD8vbvrbiQJps7fKDTkjkDry6ji0rUJjC0kzbNePLwzxq8iypo41qeWA=="
    },
    "bn.js": {
      "version": "4.12.0",
      "resolved": "https://registry.npmjs.org/bn.js/-/bn.js-4.12.0.tgz",
      "integrity": "sha512-c98Bf3tPniI+scsdk237ku1Dc3ujXQTSgyiPUDEOe7tRkhrqridvh8klBv0HCEso1OLOYcHuCv/cS6DNxKH+ZA=="
    },
    "brorand": {
      "version": "1.1.0",
      "resolved": "https://registry.npmjs.org/brorand/-/brorand-1.1.0.tgz",
      "integrity": "sha512-cKV8tMCEpQs4hK/ik71d6LrPOnpkpGBR0wzxqr68g2m/LB2GxVYQroAjMJZRVM1Y4BCjCKc3vAamxSzOY2RP+w=="
    },
    "buffer": {
      "version": "6.0.3",
      "resolved": "https://registry.npmjs.org/buffer/-/buffer-6.0.3.tgz",
      "integrity": "sha512-FTiCpNxtwiZZHEZbcbTIcZjERVICn9yq/pDFkTl95/AxzD1naBctN7YO68riM/gLSDY7sdrMby8hofADYuuqOA==",
      "requires": {
        "base64-js": "^1.3.1",
        "ieee754": "^1.2.1"
      }
    },
    "deepmerge": {
      "version": "4.2.2",
      "resolved": "https://registry.npmjs.org/deepmerge/-/deepmerge-4.2.2.tgz",
      "integrity": "sha512-FJ3UgI4gIl+PHZm53knsuSFpE+nESMr7M4v9QcgB7S63Kj/6WqMiFQJpBBYz1Pt+66bZpP3Q7Lye0Oo9MPKEdg=="
    },
    "elliptic": {
      "version": "6.5.4",
      "resolved": "https://registry.npmjs.org/elliptic/-/elliptic-6.5.4.tgz",
      "integrity": "sha512-iLhC6ULemrljPZb+QutR5TQGB+pdW6KGD5RSegS+8sorOZT+rdQFbsQFJgvN3eRqNALqJer4oQ16YvJHlU8hzQ==",
      "requires": {
        "bn.js": "^4.11.9",
        "brorand": "^1.1.0",
        "hash.js": "^1.0.0",
        "hmac-drbg": "^1.0.1",
        "inherits": "^2.0.4",
        "minimalistic-assert": "^1.0.1",
        "minimalistic-crypto-utils": "^1.0.1"
      }
    },
    "handlebars": {
      "version": "4.7.7",
      "resolved": "https://registry.npmjs.org/handlebars/-/handlebars-4.7.7.tgz",
      "integrity": "sha512-aAcXm5OAfE/8IXkcZvCepKU3VzW1/39Fb5ZuqMtgI/hT8X2YgoMvBY5dLhq/cpOvw7Lk1nK/UF71aLG/ZnVYRA==",
      "requires": {
        "minimist": "^1.2.5",
        "neo-async": "^2.6.0",
        "source-map": "^0.6.1",
        "uglify-js": "^3.1.4",
        "wordwrap": "^1.0.0"
      }
    },
    "hash.js": {
      "version": "1.1.7",
      "resolved": "https://registry.npmjs.org/hash.js/-/hash.js-1.1.7.tgz",
      "integrity": "sha512-taOaskGt4z4SOANNseOviYDvjEJinIkRgmp7LbKP2YTTmVxWBl87s/uzK9r+44BclBSp2X7K1hqeNfz9JbBeXA==",
      "requires": {
        "inherits": "^2.0.3",
        "minimalistic-assert": "^1.0.1"
      }
    },
    "hmac-drbg": {
      "version": "1.0.1",
      "resolved": "https://registry.npmjs.org/hmac-drbg/-/hmac-drbg-1.0.1.tgz",
      "integrity": "sha512-Tti3gMqLdZfhOQY1Mzf/AanLiqh1WTiJgEj26ZuYQ9fbkLomzGchCws4FyrSd4VkpBfiNhaE1On+lOz894jvXg==",
      "requires": {
        "hash.js": "^1.0.3",
        "minimalistic-assert": "^1.0.0",
        "minimalistic-crypto-utils": "^1.0.1"
      }
    },
    "ieee754": {
      "version": "1.2.1",
      "resolved": "https://registry.npmjs.org/ieee754/-/ieee754-1.2.1.tgz",
      "integrity": "sha512-dcyqhDvX1C46lXZcVqCpK+FtMRQVdIMN6/Df5js2zouUsqG7I6sFxitIC+7KYK29KdXOLHdu9zL4sFnoVQnqaA=="
    },
    "inherits": {
      "version": "2.0.4",
      "resolved": "https://registry.npmjs.org/inherits/-/inherits-2.0.4.tgz",
      "integrity": "sha512-k/vGaX4/Yla3WzyMCvTQOXYeIHvqOKtnqBduzTHpzpQZzAskKMhZ2K+EnBiSM9zGSoIFeMpXKxa4dYeZIQqewQ=="
    },
    "minimalistic-assert": {
      "version": "1.0.1",
      "resolved": "https://registry.npmjs.org/minimalistic-assert/-/minimalistic-assert-1.0.1.tgz",
      "integrity": "sha512-UtJcAD4yEaGtjPezWuO9wC4nwUnVH/8/Im3yEHQP4b67cXlD/Qr9hdITCU1xDbSEXg2XKNaP8jsReV7vQd00/A=="
    },
    "minimalistic-crypto-utils": {
      "version": "1.0.1",
      "resolved": "https://registry.npmjs.org/minimalistic-crypto-utils/-/minimalistic-crypto-utils-1.0.1.tgz",
      "integrity": "sha512-JIYlbt6g8i5jKfJ3xz7rF0LXmv2TkDxBLUkiBeZ7bAx4GnnNMr8xFpGnOxn6GhTEHx3SjRrZEoU+j04prX1ktg=="
    },
    "minimist": {
      "version": "1.2.6",
      "resolved": "https://registry.npmjs.org/minimist/-/minimist-1.2.6.tgz",
      "integrity": "sha512-Jsjnk4bw3YJqYzbdyBiNsPWHPfO++UGG749Cxs6peCu5Xg4nrena6OVxOYxrQTqww0Jmwt+Ref8rggumkTLz9Q=="
    },
    "neo-async": {
      "version": "2.6.2",
      "resolved": "https://registry.npmjs.org/neo-async/-/neo-async-2.6.2.tgz",
      "integrity": "sha512-Yd3UES5mWCSqR+qNT93S3UoYUkqAZ9lLg8a7g9rimsWmYGK8cVToA4/sF3RrshdyV3sAGMXVUmpMYOw+dLpOuw=="
    },
    "queue-microtask": {
      "version": "1.1.2",
      "resolved": "https://registry.npmjs.org/queue-microtask/-/queue-microtask-1.1.2.tgz",
      "integrity": "sha512-F9wwNePtXrzZenAB3ax0Y8TSKGvuB7Qw16J30hspEUTbfUM+H827XyN3rlpwhVmtm5wuZtbKIHjOnwDn7MUxWQ=="
    },
    "sha3": {
      "version": "2.1.4",
      "resolved": "https://registry.npmjs.org/sha3/-/sha3-2.1.4.tgz",
      "integrity": "sha512-S8cNxbyb0UGUM2VhRD4Poe5N58gJnJsLJ5vC7FYWGUmGhcsj4++WaIOBFVDxlG0W3To6xBuiRh+i0Qp2oNCOtg==",
      "requires": {
        "buffer": "6.0.3"
      }
    },
    "source-map": {
      "version": "0.6.1",
      "resolved": "https://registry.npmjs.org/source-map/-/source-map-0.6.1.tgz",
      "integrity": "sha512-UjgapumWlbMhkBgzT7Ykc5YXUT46F0iKu8SGXq0bcwP5dz/h0Plj6enJqjz1Zbq2l5WaqYnrVbwWOWMyF3F47g=="
    },
    "uglify-js": {
      "version": "3.16.0",
      "resolved": "https://registry.npmjs.org/uglify-js/-/uglify-js-3.16.0.tgz",
      "integrity": "sha512-FEikl6bR30n0T3amyBh3LoiBdqHRy/f4H80+My34HOesOKyHfOsxAPAxOoqC0JUnC1amnO0IwkYC3sko51caSw==",
      "optional": true
    },
    "wordwrap": {
      "version": "1.0.0",
      "resolved": "https://registry.npmjs.org/wordwrap/-/wordwrap-1.0.0.tgz",
      "integrity": "sha1-J1hIEIkUVqQXHI0CJkQa3pDLyus="
    }
  }
}
